// !$*UTF8*$!
{
	archiveVersion = 1;
	classes = {
	};
	objectVersion = 50;
	objects = {

/* Begin PBXBuildFile section */
		FD09CFA4237E18D60042FED7 /* AppDelegate.swift in Sources */ = {isa = PBXBuildFile; fileRef = FD09CFA3237E18D60042FED7 /* AppDelegate.swift */; };
		FD09CFA6237E18D60042FED7 /* SceneDelegate.swift in Sources */ = {isa = PBXBuildFile; fileRef = FD09CFA5237E18D60042FED7 /* SceneDelegate.swift */; };
		FD09CFAD237E18D70042FED7 /* Assets.xcassets in Resources */ = {isa = PBXBuildFile; fileRef = FD09CFAC237E18D70042FED7 /* Assets.xcassets */; };
		FD09CFB0237E18D70042FED7 /* LaunchScreen.storyboard in Resources */ = {isa = PBXBuildFile; fileRef = FD09CFAE237E18D70042FED7 /* LaunchScreen.storyboard */; };
		FD09CFBC237E24E40042FED7 /* UIFont+Theme.swift in Sources */ = {isa = PBXBuildFile; fileRef = FD09CFBB237E24E40042FED7 /* UIFont+Theme.swift */; };
		FD09CFBE237E24ED0042FED7 /* UIColor+Theme.swift in Sources */ = {isa = PBXBuildFile; fileRef = FD09CFBD237E24ED0042FED7 /* UIColor+Theme.swift */; };
		FD09CFC0237E25BD0042FED7 /* CGFloat+Margin.swift in Sources */ = {isa = PBXBuildFile; fileRef = FD09CFBF237E25BD0042FED7 /* CGFloat+Margin.swift */; };
		FD09CFC2237E27250042FED7 /* WelcomeViewController.swift in Sources */ = {isa = PBXBuildFile; fileRef = FD09CFC1237E27250042FED7 /* WelcomeViewController.swift */; };
		FD09CFC5237E27D60042FED7 /* CustomViewDelegate.swift in Sources */ = {isa = PBXBuildFile; fileRef = FD09CFC4237E27D60042FED7 /* CustomViewDelegate.swift */; };
		FD09CFC7237E28B10042FED7 /* CustomViewController.swift in Sources */ = {isa = PBXBuildFile; fileRef = FD09CFC6237E28B10042FED7 /* CustomViewController.swift */; };
		FD09CFCA237E29A20042FED7 /* WelcomeView.swift in Sources */ = {isa = PBXBuildFile; fileRef = FD09CFC9237E29A20042FED7 /* WelcomeView.swift */; };
		FD09CFCC237E32360042FED7 /* ContinueButton.swift in Sources */ = {isa = PBXBuildFile; fileRef = FD09CFCB237E32360042FED7 /* ContinueButton.swift */; };
/* End PBXBuildFile section */

/* Begin PBXFileReference section */
		FD09CFA0237E18D60042FED7 /* UIKit.XcodePreviews.app */ = {isa = PBXFileReference; explicitFileType = wrapper.application; includeInIndex = 0; path = UIKit.XcodePreviews.app; sourceTree = BUILT_PRODUCTS_DIR; };
		FD09CFA3237E18D60042FED7 /* AppDelegate.swift */ = {isa = PBXFileReference; lastKnownFileType = sourcecode.swift; path = AppDelegate.swift; sourceTree = "<group>"; };
		FD09CFA5237E18D60042FED7 /* SceneDelegate.swift */ = {isa = PBXFileReference; lastKnownFileType = sourcecode.swift; path = SceneDelegate.swift; sourceTree = "<group>"; };
		FD09CFAC237E18D70042FED7 /* Assets.xcassets */ = {isa = PBXFileReference; lastKnownFileType = folder.assetcatalog; path = Assets.xcassets; sourceTree = "<group>"; };
		FD09CFAF237E18D70042FED7 /* Base */ = {isa = PBXFileReference; lastKnownFileType = file.storyboard; name = Base; path = Base.lproj/LaunchScreen.storyboard; sourceTree = "<group>"; };
		FD09CFB1237E18D70042FED7 /* Info.plist */ = {isa = PBXFileReference; lastKnownFileType = text.plist.xml; path = Info.plist; sourceTree = "<group>"; };
		FD09CFBB237E24E40042FED7 /* UIFont+Theme.swift */ = {isa = PBXFileReference; lastKnownFileType = sourcecode.swift; path = "UIFont+Theme.swift"; sourceTree = "<group>"; };
		FD09CFBD237E24ED0042FED7 /* UIColor+Theme.swift */ = {isa = PBXFileReference; lastKnownFileType = sourcecode.swift; path = "UIColor+Theme.swift"; sourceTree = "<group>"; };
		FD09CFBF237E25BD0042FED7 /* CGFloat+Margin.swift */ = {isa = PBXFileReference; lastKnownFileType = sourcecode.swift; path = "CGFloat+Margin.swift"; sourceTree = "<group>"; };
		FD09CFC1237E27250042FED7 /* WelcomeViewController.swift */ = {isa = PBXFileReference; lastKnownFileType = sourcecode.swift; path = WelcomeViewController.swift; sourceTree = "<group>"; };
		FD09CFC4237E27D60042FED7 /* CustomViewDelegate.swift */ = {isa = PBXFileReference; lastKnownFileType = sourcecode.swift; path = CustomViewDelegate.swift; sourceTree = "<group>"; };
		FD09CFC6237E28B10042FED7 /* CustomViewController.swift */ = {isa = PBXFileReference; lastKnownFileType = sourcecode.swift; path = CustomViewController.swift; sourceTree = "<group>"; };
		FD09CFC9237E29A20042FED7 /* WelcomeView.swift */ = {isa = PBXFileReference; lastKnownFileType = sourcecode.swift; path = WelcomeView.swift; sourceTree = "<group>"; };
		FD09CFCB237E32360042FED7 /* ContinueButton.swift */ = {isa = PBXFileReference; lastKnownFileType = sourcecode.swift; path = ContinueButton.swift; sourceTree = "<group>"; };
/* End PBXFileReference section */

/* Begin PBXFrameworksBuildPhase section */
		FD09CF9D237E18D60042FED7 /* Frameworks */ = {
			isa = PBXFrameworksBuildPhase;
			buildActionMask = 2147483647;
			files = (
			);
			runOnlyForDeploymentPostprocessing = 0;
		};
/* End PBXFrameworksBuildPhase section */

/* Begin PBXGroup section */
		FD09CF97237E18D60042FED7 = {
			isa = PBXGroup;
			children = (
				FD09CFA2237E18D60042FED7 /* UIKit.XcodePreviews */,
				FD09CFA1237E18D60042FED7 /* Products */,
			);
			sourceTree = "<group>";
		};
		FD09CFA1237E18D60042FED7 /* Products */ = {
			isa = PBXGroup;
			children = (
				FD09CFA0237E18D60042FED7 /* UIKit.XcodePreviews.app */,
			);
			name = Products;
			sourceTree = "<group>";
		};
		FD09CFA2237E18D60042FED7 /* UIKit.XcodePreviews */ = {
			isa = PBXGroup;
			children = (
				FD09CFB7237E1BFF0042FED7 /* Bootstrap */,
				FD09CFBA237E24C80042FED7 /* Extensions */,
				FD09CFC3237E278F0042FED7 /* Protocols */,
				FD09CFB9237E1D8F0042FED7 /* Controllers */,
				FD09CFC8237E297F0042FED7 /* Views */,
				FD09CFB8237E1C240042FED7 /* Resources */,
			);
			path = UIKit.XcodePreviews;
			sourceTree = "<group>";
		};
		FD09CFB7237E1BFF0042FED7 /* Bootstrap */ = {
			isa = PBXGroup;
			children = (
				FD09CFA3237E18D60042FED7 /* AppDelegate.swift */,
				FD09CFA5237E18D60042FED7 /* SceneDelegate.swift */,
			);
			path = Bootstrap;
			sourceTree = "<group>";
		};
		FD09CFB8237E1C240042FED7 /* Resources */ = {
			isa = PBXGroup;
			children = (
				FD09CFAC237E18D70042FED7 /* Assets.xcassets */,
				FD09CFAE237E18D70042FED7 /* LaunchScreen.storyboard */,
				FD09CFB1237E18D70042FED7 /* Info.plist */,
			);
			path = Resources;
			sourceTree = "<group>";
		};
		FD09CFB9237E1D8F0042FED7 /* Controllers */ = {
			isa = PBXGroup;
			children = (
				FD09CFC1237E27250042FED7 /* WelcomeViewController.swift */,
			);
			path = Controllers;
			sourceTree = "<group>";
		};
		FD09CFBA237E24C80042FED7 /* Extensions */ = {
			isa = PBXGroup;
			children = (
				FD09CFBB237E24E40042FED7 /* UIFont+Theme.swift */,
				FD09CFBD237E24ED0042FED7 /* UIColor+Theme.swift */,
				FD09CFBF237E25BD0042FED7 /* CGFloat+Margin.swift */,
			);
			path = Extensions;
			sourceTree = "<group>";
		};
		FD09CFC3237E278F0042FED7 /* Protocols */ = {
			isa = PBXGroup;
			children = (
				FD09CFC4237E27D60042FED7 /* CustomViewDelegate.swift */,
				FD09CFC6237E28B10042FED7 /* CustomViewController.swift */,
			);
			path = Protocols;
			sourceTree = "<group>";
		};
		FD09CFC8237E297F0042FED7 /* Views */ = {
			isa = PBXGroup;
			children = (
				FD09CFC9237E29A20042FED7 /* WelcomeView.swift */,
				FD09CFCB237E32360042FED7 /* ContinueButton.swift */,
			);
			path = Views;
			sourceTree = "<group>";
		};
/* End PBXGroup section */

/* Begin PBXNativeTarget section */
		FD09CF9F237E18D60042FED7 /* UIKit.XcodePreviews */ = {
			isa = PBXNativeTarget;
			buildConfigurationList = FD09CFB4237E18D70042FED7 /* Build configuration list for PBXNativeTarget "UIKit.XcodePreviews" */;
			buildPhases = (
				FD09CF9C237E18D60042FED7 /* Sources */,
				FD09CF9D237E18D60042FED7 /* Frameworks */,
				FD09CF9E237E18D60042FED7 /* Resources */,
			);
			buildRules = (
			);
			dependencies = (
			);
			name = UIKit.XcodePreviews;
			productName = UIKit.XcodePreviews;
			productReference = FD09CFA0237E18D60042FED7 /* UIKit.XcodePreviews.app */;
			productType = "com.apple.product-type.application";
		};
/* End PBXNativeTarget section */

/* Begin PBXProject section */
		FD09CF98237E18D60042FED7 /* Project object */ = {
			isa = PBXProject;
			attributes = {
				LastSwiftUpdateCheck = 1120;
				LastUpgradeCheck = 1120;
				ORGANIZATIONNAME = "Leandro Romano";
				TargetAttributes = {
					FD09CF9F237E18D60042FED7 = {
						CreatedOnToolsVersion = 11.2;
					};
				};
			};
			buildConfigurationList = FD09CF9B237E18D60042FED7 /* Build configuration list for PBXProject "UIKit.XcodePreviews" */;
			compatibilityVersion = "Xcode 9.3";
			developmentRegion = en;
			hasScannedForEncodings = 0;
			knownRegions = (
				en,
				Base,
			);
			mainGroup = FD09CF97237E18D60042FED7;
			productRefGroup = FD09CFA1237E18D60042FED7 /* Products */;
			projectDirPath = "";
			projectRoot = "";
			targets = (
				FD09CF9F237E18D60042FED7 /* UIKit.XcodePreviews */,
			);
		};
/* End PBXProject section */

/* Begin PBXResourcesBuildPhase section */
		FD09CF9E237E18D60042FED7 /* Resources */ = {
			isa = PBXResourcesBuildPhase;
			buildActionMask = 2147483647;
			files = (
				FD09CFB0237E18D70042FED7 /* LaunchScreen.storyboard in Resources */,
				FD09CFAD237E18D70042FED7 /* Assets.xcassets in Resources */,
			);
			runOnlyForDeploymentPostprocessing = 0;
		};
/* End PBXResourcesBuildPhase section */

/* Begin PBXSourcesBuildPhase section */
		FD09CF9C237E18D60042FED7 /* Sources */ = {
			isa = PBXSourcesBuildPhase;
			buildActionMask = 2147483647;
			files = (
				FD09CFC5237E27D60042FED7 /* CustomViewDelegate.swift in Sources */,
				FD09CFBE237E24ED0042FED7 /* UIColor+Theme.swift in Sources */,
				FD09CFCC237E32360042FED7 /* ContinueButton.swift in Sources */,
				FD09CFBC237E24E40042FED7 /* UIFont+Theme.swift in Sources */,
				FD09CFC0237E25BD0042FED7 /* CGFloat+Margin.swift in Sources */,
				FD09CFCA237E29A20042FED7 /* WelcomeView.swift in Sources */,
				FD09CFC2237E27250042FED7 /* WelcomeViewController.swift in Sources */,
				FD09CFA4237E18D60042FED7 /* AppDelegate.swift in Sources */,
				FD09CFA6237E18D60042FED7 /* SceneDelegate.swift in Sources */,
				FD09CFC7237E28B10042FED7 /* CustomViewController.swift in Sources */,
			);
			runOnlyForDeploymentPostprocessing = 0;
		};
/* End PBXSourcesBuildPhase section */

/* Begin PBXVariantGroup section */
		FD09CFAE237E18D70042FED7 /* LaunchScreen.storyboard */ = {
			isa = PBXVariantGroup;
			children = (
				FD09CFAF237E18D70042FED7 /* Base */,
			);
			name = LaunchScreen.storyboard;
			sourceTree = "<group>";
		};
/* End PBXVariantGroup section */

/* Begin XCBuildConfiguration section */
		FD09CFB2237E18D70042FED7 /* Debug */ = {
			isa = XCBuildConfiguration;
			buildSettings = {
				ALWAYS_SEARCH_USER_PATHS = NO;
				CLANG_ANALYZER_NONNULL = YES;
				CLANG_ANALYZER_NUMBER_OBJECT_CONVERSION = YES_AGGRESSIVE;
				CLANG_CXX_LANGUAGE_STANDARD = "gnu++14";
				CLANG_CXX_LIBRARY = "libc++";
				CLANG_ENABLE_MODULES = YES;
				CLANG_ENABLE_OBJC_ARC = YES;
				CLANG_ENABLE_OBJC_WEAK = YES;
				CLANG_WARN_BLOCK_CAPTURE_AUTORELEASING = YES;
				CLANG_WARN_BOOL_CONVERSION = YES;
				CLANG_WARN_COMMA = YES;
				CLANG_WARN_CONSTANT_CONVERSION = YES;
				CLANG_WARN_DEPRECATED_OBJC_IMPLEMENTATIONS = YES;
				CLANG_WARN_DIRECT_OBJC_ISA_USAGE = YES_ERROR;
				CLANG_WARN_DOCUMENTATION_COMMENTS = YES;
				CLANG_WARN_EMPTY_BODY = YES;
				CLANG_WARN_ENUM_CONVERSION = YES;
				CLANG_WARN_INFINITE_RECURSION = YES;
				CLANG_WARN_INT_CONVERSION = YES;
				CLANG_WARN_NON_LITERAL_NULL_CONVERSION = YES;
				CLANG_WARN_OBJC_IMPLICIT_RETAIN_SELF = YES;
				CLANG_WARN_OBJC_LITERAL_CONVERSION = YES;
				CLANG_WARN_OBJC_ROOT_CLASS = YES_ERROR;
				CLANG_WARN_RANGE_LOOP_ANALYSIS = YES;
				CLANG_WARN_STRICT_PROTOTYPES = YES;
				CLANG_WARN_SUSPICIOUS_MOVE = YES;
				CLANG_WARN_UNGUARDED_AVAILABILITY = YES_AGGRESSIVE;
				CLANG_WARN_UNREACHABLE_CODE = YES;
				CLANG_WARN__DUPLICATE_METHOD_MATCH = YES;
				COPY_PHASE_STRIP = NO;
				DEBUG_INFORMATION_FORMAT = dwarf;
				ENABLE_STRICT_OBJC_MSGSEND = YES;
				ENABLE_TESTABILITY = YES;
				GCC_C_LANGUAGE_STANDARD = gnu11;
				GCC_DYNAMIC_NO_PIC = NO;
				GCC_NO_COMMON_BLOCKS = YES;
				GCC_OPTIMIZATION_LEVEL = 0;
				GCC_PREPROCESSOR_DEFINITIONS = (
					"DEBUG=1",
					"$(inherited)",
				);
				GCC_WARN_64_TO_32_BIT_CONVERSION = YES;
				GCC_WARN_ABOUT_RETURN_TYPE = YES_ERROR;
				GCC_WARN_UNDECLARED_SELECTOR = YES;
				GCC_WARN_UNINITIALIZED_AUTOS = YES_AGGRESSIVE;
				GCC_WARN_UNUSED_FUNCTION = YES;
				GCC_WARN_UNUSED_VARIABLE = YES;
				IPHONEOS_DEPLOYMENT_TARGET = 13.2;
				MTL_ENABLE_DEBUG_INFO = INCLUDE_SOURCE;
				MTL_FAST_MATH = YES;
				ONLY_ACTIVE_ARCH = YES;
				SDKROOT = iphoneos;
				SWIFT_ACTIVE_COMPILATION_CONDITIONS = DEBUG;
				SWIFT_OPTIMIZATION_LEVEL = "-Onone";
			};
			name = Debug;
		};
		FD09CFB3237E18D70042FED7 /* Release */ = {
			isa = XCBuildConfiguration;
			buildSettings = {
				ALWAYS_SEARCH_USER_PATHS = NO;
				CLANG_ANALYZER_NONNULL = YES;
				CLANG_ANALYZER_NUMBER_OBJECT_CONVERSION = YES_AGGRESSIVE;
				CLANG_CXX_LANGUAGE_STANDARD = "gnu++14";
				CLANG_CXX_LIBRARY = "libc++";
				CLANG_ENABLE_MODULES = YES;
				CLANG_ENABLE_OBJC_ARC = YES;
				CLANG_ENABLE_OBJC_WEAK = YES;
				CLANG_WARN_BLOCK_CAPTURE_AUTORELEASING = YES;
				CLANG_WARN_BOOL_CONVERSION = YES;
				CLANG_WARN_COMMA = YES;
				CLANG_WARN_CONSTANT_CONVERSION = YES;
				CLANG_WARN_DEPRECATED_OBJC_IMPLEMENTATIONS = YES;
				CLANG_WARN_DIRECT_OBJC_ISA_USAGE = YES_ERROR;
				CLANG_WARN_DOCUMENTATION_COMMENTS = YES;
				CLANG_WARN_EMPTY_BODY = YES;
				CLANG_WARN_ENUM_CONVERSION = YES;
				CLANG_WARN_INFINITE_RECURSION = YES;
				CLANG_WARN_INT_CONVERSION = YES;
				CLANG_WARN_NON_LITERAL_NULL_CONVERSION = YES;
				CLANG_WARN_OBJC_IMPLICIT_RETAIN_SELF = YES;
				CLANG_WARN_OBJC_LITERAL_CONVERSION = YES;
				CLANG_WARN_OBJC_ROOT_CLASS = YES_ERROR;
				CLANG_WARN_RANGE_LOOP_ANALYSIS = YES;
				CLANG_WARN_STRICT_PROTOTYPES = YES;
				CLANG_WARN_SUSPICIOUS_MOVE = YES;
				CLANG_WARN_UNGUARDED_AVAILABILITY = YES_AGGRESSIVE;
				CLANG_WARN_UNREACHABLE_CODE = YES;
				CLANG_WARN__DUPLICATE_METHOD_MATCH = YES;
				COPY_PHASE_STRIP = NO;
				DEBUG_INFORMATION_FORMAT = "dwarf-with-dsym";
				ENABLE_NS_ASSERTIONS = NO;
				ENABLE_STRICT_OBJC_MSGSEND = YES;
				GCC_C_LANGUAGE_STANDARD = gnu11;
				GCC_NO_COMMON_BLOCKS = YES;
				GCC_WARN_64_TO_32_BIT_CONVERSION = YES;
				GCC_WARN_ABOUT_RETURN_TYPE = YES_ERROR;
				GCC_WARN_UNDECLARED_SELECTOR = YES;
				GCC_WARN_UNINITIALIZED_AUTOS = YES_AGGRESSIVE;
				GCC_WARN_UNUSED_FUNCTION = YES;
				GCC_WARN_UNUSED_VARIABLE = YES;
				IPHONEOS_DEPLOYMENT_TARGET = 13.2;
				MTL_ENABLE_DEBUG_INFO = NO;
				MTL_FAST_MATH = YES;
				SDKROOT = iphoneos;
				SWIFT_COMPILATION_MODE = wholemodule;
				SWIFT_OPTIMIZATION_LEVEL = "-O";
				VALIDATE_PRODUCT = YES;
			};
			name = Release;
		};
		FD09CFB5237E18D70042FED7 /* Debug */ = {
			isa = XCBuildConfiguration;
			buildSettings = {
				ASSETCATALOG_COMPILER_APPICON_NAME = AppIcon;
				CODE_SIGN_STYLE = Automatic;
				INFOPLIST_FILE = UIKit.XcodePreviews/Resources/Info.plist;
				LD_RUNPATH_SEARCH_PATHS = (
					"$(inherited)",
					"@executable_path/Frameworks",
				);
				PRODUCT_BUNDLE_IDENTIFIER = "com.leandroromano.UIKit-XcodePreviews";
				PRODUCT_NAME = "$(TARGET_NAME)";
				SWIFT_VERSION = 5.0;
				TARGETED_DEVICE_FAMILY = "1,2";
			};
			name = Debug;
		};
		FD09CFB6237E18D70042FED7 /* Release */ = {
			isa = XCBuildConfiguration;
			buildSettings = {
				ASSETCATALOG_COMPILER_APPICON_NAME = AppIcon;
				CODE_SIGN_STYLE = Automatic;
				INFOPLIST_FILE = UIKit.XcodePreviews/Resources/Info.plist;
				LD_RUNPATH_SEARCH_PATHS = (
					"$(inherited)",
					"@executable_path/Frameworks",
				);
				PRODUCT_BUNDLE_IDENTIFIER = "com.leandroromano.UIKit-XcodePreviews";
				PRODUCT_NAME = "$(TARGET_NAME)";
				SWIFT_VERSION = 5.0;
				TARGETED_DEVICE_FAMILY = "1,2";
			};
			name = Release;
		};
/* End XCBuildConfiguration section */

/* Begin XCConfigurationList section */
		FD09CF9B237E18D60042FED7 /* Build configuration list for PBXProject "UIKit.XcodePreviews" */ = {
			isa = XCConfigurationList;
			buildConfigurations = (
				FD09CFB2237E18D70042FED7 /* Debug */,
				FD09CFB3237E18D70042FED7 /* Release */,
			);
			defaultConfigurationIsVisible = 0;
			defaultConfigurationName = Release;
		};
		FD09CFB4237E18D70042FED7 /* Build configuration list for PBXNativeTarget "UIKit.XcodePreviews" */ = {
			isa = XCConfigurationList;
			buildConfigurations = (
				FD09CFB5237E18D70042FED7 /* Debug */,
				FD09CFB6237E18D70042FED7 /* Release */,
			);
			defaultConfigurationIsVisible = 0;
			defaultConfigurationName = Release;
		};
/* End XCConfigurationList section */
	};
	rootObject = FD09CF98237E18D60042FED7 /* Project object */;
}
